
Microsoft Visual Studio Solution File, Format Version 12.00
# Visual Studio 15
VisualStudioVersion = 15.0.27703.2018
MinimumVisualStudioVersion = 10.0.40219.1
Project("{2150E333-8FDC-42A3-9474-1A3956D46DE8}") = "Service", "Service", "{39C499B4-FA5B-4DE5-B300-73D99004CF79}"
EndProject
Project("{2150E333-8FDC-42A3-9474-1A3956D46DE8}") = "Models", "Models", "{94DFE9BD-5D21-4C87-8C65-AA3D2A78C358}"
EndProject
Project("{FAE04EC0-301F-11D3-BF4B-00C04F79EFBC}") = "Dto", "Dto\Dto.csproj", "{179FACE8-0289-44BC-95A1-2A36EB551B20}"
EndProject
Project("{2150E333-8FDC-42A3-9474-1A3956D46DE8}") = "Common", "Common", "{DC93B169-9D47-4B1A-885F-5DB8B9B405DE}"
EndProject
Project("{FAE04EC0-301F-11D3-BF4B-00C04F79EFBC}") = "Core", "Core\Core.csproj", "{50B790B3-68E6-428F-BFD2-952E51A4E883}"
EndProject
Project("{FAE04EC0-301F-11D3-BF4B-00C04F79EFBC}") = "IdentityService", "IdentityService\IdentityService.csproj", "{DD819539-63DB-4F71-BA80-295ABB0632BA}"
EndProject
Project("{2150E333-8FDC-42A3-9474-1A3956D46DE8}") = "test", "test", "{04A37ADA-7BEF-4660-B420-11166ECD0010}"
EndProject
Project("{FAE04EC0-301F-11D3-BF4B-00C04F79EFBC}") = "IdentityServiceTest", "IdentityServiceTest\IdentityServiceTest.csproj", "{4500B27C-40B1-4D3F-BCD5-C93F759E5227}"
EndProject
Project("{FAE04EC0-301F-11D3-BF4B-00C04F79EFBC}") = "ConsoleTest", "ConsoleTest\ConsoleTest.csproj", "{FDC89A64-1D6C-464D-BAF2-A85993BEC4E9}"
EndProject
Project("{2150E333-8FDC-42A3-9474-1A3956D46DE8}") = "Dal", "Dal", "{77B0234D-FDDD-47D2-9B04-30C9B20BAB7C}"
EndProject
Project("{FAE04EC0-301F-11D3-BF4B-00C04F79EFBC}") = "DapperDAL", "DapperDAL\DapperDAL.csproj", "{4AA869D4-FE69-4228-8EBF-DF815E326B8D}"
EndProject
Project("{FAE04EC0-301F-11D3-BF4B-00C04F79EFBC}") = "RedisHelper", "RedisHelper\RedisHelper.csproj", "{1911A116-4785-4533-801F-794E4B2E7920}"
EndProject
Global
	GlobalSection(SolutionConfigurationPlatforms) = preSolution
		Debug|Any CPU = Debug|Any CPU
		Release|Any CPU = Release|Any CPU
	EndGlobalSection
	GlobalSection(ProjectConfigurationPlatforms) = postSolution
		{179FACE8-0289-44BC-95A1-2A36EB551B20}.Debug|Any CPU.ActiveCfg = Debug|Any CPU
		{179FACE8-0289-44BC-95A1-2A36EB551B20}.Debug|Any CPU.Build.0 = Debug|Any CPU
		{179FACE8-0289-44BC-95A1-2A36EB551B20}.Release|Any CPU.ActiveCfg = Release|Any CPU
		{179FACE8-0289-44BC-95A1-2A36EB551B20}.Release|Any CPU.Build.0 = Release|Any CPU
		{50B790B3-68E6-428F-BFD2-952E51A4E883}.Debug|Any CPU.ActiveCfg = Debug|Any CPU
		{50B790B3-68E6-428F-BFD2-952E51A4E883}.Debug|Any CPU.Build.0 = Debug|Any CPU
		{50B790B3-68E6-428F-BFD2-952E51A4E883}.Release|Any CPU.ActiveCfg = Release|Any CPU
		{50B790B3-68E6-428F-BFD2-952E51A4E883}.Release|Any CPU.Build.0 = Release|Any CPU
		{DD819539-63DB-4F71-BA80-295ABB0632BA}.Debug|Any CPU.ActiveCfg = Debug|Any CPU
		{DD819539-63DB-4F71-BA80-295ABB0632BA}.Debug|Any CPU.Build.0 = Debug|Any CPU
		{DD819539-63DB-4F71-BA80-295ABB0632BA}.Release|Any CPU.ActiveCfg = Release|Any CPU
		{DD819539-63DB-4F71-BA80-295ABB0632BA}.Release|Any CPU.Build.0 = Release|Any CPU
		{4500B27C-40B1-4D3F-BCD5-C93F759E5227}.Debug|Any CPU.ActiveCfg = Debug|Any CPU
		{4500B27C-40B1-4D3F-BCD5-C93F759E5227}.Debug|Any CPU.Build.0 = Debug|Any CPU
		{4500B27C-40B1-4D3F-BCD5-C93F759E5227}.Release|Any CPU.ActiveCfg = Release|Any CPU
		{4500B27C-40B1-4D3F-BCD5-C93F759E5227}.Release|Any CPU.Build.0 = Release|Any CPU
		{FDC89A64-1D6C-464D-BAF2-A85993BEC4E9}.Debug|Any CPU.ActiveCfg = Debug|Any CPU
		{FDC89A64-1D6C-464D-BAF2-A85993BEC4E9}.Debug|Any CPU.Build.0 = Debug|Any CPU
		{FDC89A64-1D6C-464D-BAF2-A85993BEC4E9}.Release|Any CPU.ActiveCfg = Release|Any CPU
		{FDC89A64-1D6C-464D-BAF2-A85993BEC4E9}.Release|Any CPU.Build.0 = Release|Any CPU
		{4AA869D4-FE69-4228-8EBF-DF815E326B8D}.Debug|Any CPU.ActiveCfg = Debug|Any CPU
		{4AA869D4-FE69-4228-8EBF-DF815E326B8D}.Debug|Any CPU.Build.0 = Debug|Any CPU
		{4AA869D4-FE69-4228-8EBF-DF815E326B8D}.Release|Any CPU.ActiveCfg = Release|Any CPU
		{4AA869D4-FE69-4228-8EBF-DF815E326B8D}.Release|Any CPU.Build.0 = Release|Any CPU
		{1911A116-4785-4533-801F-794E4B2E7920}.Debug|Any CPU.ActiveCfg = Debug|Any CPU
		{1911A116-4785-4533-801F-794E4B2E7920}.Debug|Any CPU.Build.0 = Debug|Any CPU
		{1911A116-4785-4533-801F-794E4B2E7920}.Release|Any CPU.ActiveCfg = Release|Any CPU
		{1911A116-4785-4533-801F-794E4B2E7920}.Release|Any CPU.Build.0 = Release|Any CPU
	EndGlobalSection
	GlobalSection(SolutionProperties) = preSolution
		HideSolutionNode = FALSE
	EndGlobalSection
	GlobalSection(NestedProjects) = preSolution
		{179FACE8-0289-44BC-95A1-2A36EB551B20} = {94DFE9BD-5D21-4C87-8C65-AA3D2A78C358}
		{50B790B3-68E6-428F-BFD2-952E51A4E883} = {DC93B169-9D47-4B1A-885F-5DB8B9B405DE}
		{DD819539-63DB-4F71-BA80-295ABB0632BA} = {39C499B4-FA5B-4DE5-B300-73D99004CF79}
		{4500B27C-40B1-4D3F-BCD5-C93F759E5227} = {04A37ADA-7BEF-4660-B420-11166ECD0010}
		{FDC89A64-1D6C-464D-BAF2-A85993BEC4E9} = {04A37ADA-7BEF-4660-B420-11166ECD0010}
		{4AA869D4-FE69-4228-8EBF-DF815E326B8D} = {77B0234D-FDDD-47D2-9B04-30C9B20BAB7C}
		{1911A116-4785-4533-801F-794E4B2E7920} = {77B0234D-FDDD-47D2-9B04-30C9B20BAB7C}
	EndGlobalSection
	GlobalSection(ExtensibilityGlobals) = postSolution
		SolutionGuid = {61F84E6D-79A4-4294-B3A6-765EF6D43DDC}
	EndGlobalSection
EndGlobal
